// !$*UTF8*$!
{
	archiveVersion = 1;
	classes = {
	};
	objectVersion = 46;
	objects = {

/* Begin PBXBuildFile section */
		AB2586C81CFE0E7400B8D0ED /* PhotoController.m in Sources */ = {isa = PBXBuildFile; fileRef = AB2586C71CFE0E7400B8D0ED /* PhotoController.m */; };
		AB2586CB1CFE136E00B8D0ED /* DetailViewController.m in Sources */ = {isa = PBXBuildFile; fileRef = AB2586CA1CFE136E00B8D0ED /* DetailViewController.m */; };
		AB2586CE1CFE1CDB00B8D0ED /* PresentDetailTransition.m in Sources */ = {isa = PBXBuildFile; fileRef = AB2586CD1CFE1CDB00B8D0ED /* PresentDetailTransition.m */; };
		AB2586D11CFE219E00B8D0ED /* DismissDetailTransition.m in Sources */ = {isa = PBXBuildFile; fileRef = AB2586D01CFE219E00B8D0ED /* DismissDetailTransition.m */; };
		AB8A932D1CFA67CB00D8A388 /* main.m in Sources */ = {isa = PBXBuildFile; fileRef = AB8A932C1CFA67CB00D8A388 /* main.m */; };
		AB8A93301CFA67CB00D8A388 /* AppDelegate.m in Sources */ = {isa = PBXBuildFile; fileRef = AB8A932F1CFA67CB00D8A388 /* AppDelegate.m */; };
		AB8A93331CFA67CB00D8A388 /* ViewController.m in Sources */ = {isa = PBXBuildFile; fileRef = AB8A93321CFA67CB00D8A388 /* ViewController.m */; };
		AB8A93381CFA67CB00D8A388 /* Assets.xcassets in Resources */ = {isa = PBXBuildFile; fileRef = AB8A93371CFA67CB00D8A388 /* Assets.xcassets */; };
		AB8A933B1CFA67CB00D8A388 /* LaunchScreen.storyboard in Resources */ = {isa = PBXBuildFile; fileRef = AB8A93391CFA67CB00D8A388 /* LaunchScreen.storyboard */; };
		AB8A93461CFA67CB00D8A388 /* Photo_BombersTests.m in Sources */ = {isa = PBXBuildFile; fileRef = AB8A93451CFA67CB00D8A388 /* Photo_BombersTests.m */; };
		AB8A93521CFA683300D8A388 /* PhotoViewController.m in Sources */ = {isa = PBXBuildFile; fileRef = AB8A93511CFA683300D8A388 /* PhotoViewController.m */; };
		AB8A93551CFA702900D8A388 /* PhotoCell.m in Sources */ = {isa = PBXBuildFile; fileRef = AB8A93541CFA702900D8A388 /* PhotoCell.m */; };
		B33AF868BCE887ECD6D50AE2 /* libPods-Photo Bombers.a in Frameworks */ = {isa = PBXBuildFile; fileRef = 08F64222F37C8BD4CCE9165A /* libPods-Photo Bombers.a */; };
/* End PBXBuildFile section */

/* Begin PBXContainerItemProxy section */
		AB8A93421CFA67CB00D8A388 /* PBXContainerItemProxy */ = {
			isa = PBXContainerItemProxy;
			containerPortal = AB8A93201CFA67CB00D8A388 /* Project object */;
			proxyType = 1;
			remoteGlobalIDString = AB8A93271CFA67CB00D8A388;
			remoteInfo = "Photo Bombers";
		};
/* End PBXContainerItemProxy section */

/* Begin PBXFileReference section */
		08F64222F37C8BD4CCE9165A /* libPods-Photo Bombers.a */ = {isa = PBXFileReference; explicitFileType = archive.ar; includeInIndex = 0; path = "libPods-Photo Bombers.a"; sourceTree = BUILT_PRODUCTS_DIR; };
		AB2586C61CFE0E7400B8D0ED /* PhotoController.h */ = {isa = PBXFileReference; fileEncoding = 4; lastKnownFileType = sourcecode.c.h; path = PhotoController.h; sourceTree = "<group>"; };
		AB2586C71CFE0E7400B8D0ED /* PhotoController.m */ = {isa = PBXFileReference; fileEncoding = 4; lastKnownFileType = sourcecode.c.objc; path = PhotoController.m; sourceTree = "<group>"; };
		AB2586C91CFE136E00B8D0ED /* DetailViewController.h */ = {isa = PBXFileReference; fileEncoding = 4; lastKnownFileType = sourcecode.c.h; path = DetailViewController.h; sourceTree = "<group>"; };
		AB2586CA1CFE136E00B8D0ED /* DetailViewController.m */ = {isa = PBXFileReference; fileEncoding = 4; lastKnownFileType = sourcecode.c.objc; path = DetailViewController.m; sourceTree = "<group>"; };
		AB2586CC1CFE1CDB00B8D0ED /* PresentDetailTransition.h */ = {isa = PBXFileReference; fileEncoding = 4; lastKnownFileType = sourcecode.c.h; path = PresentDetailTransition.h; sourceTree = "<group>"; };
		AB2586CD1CFE1CDB00B8D0ED /* PresentDetailTransition.m */ = {isa = PBXFileReference; fileEncoding = 4; lastKnownFileType = sourcecode.c.objc; path = PresentDetailTransition.m; sourceTree = "<group>"; };
		AB2586CF1CFE219E00B8D0ED /* DismissDetailTransition.h */ = {isa = PBXFileReference; fileEncoding = 4; lastKnownFileType = sourcecode.c.h; path = DismissDetailTransition.h; sourceTree = "<group>"; };
		AB2586D01CFE219E00B8D0ED /* DismissDetailTransition.m */ = {isa = PBXFileReference; fileEncoding = 4; lastKnownFileType = sourcecode.c.objc; path = DismissDetailTransition.m; sourceTree = "<group>"; };
		AB8A93281CFA67CB00D8A388 /* Photo Bombers.app */ = {isa = PBXFileReference; explicitFileType = wrapper.application; includeInIndex = 0; path = "Photo Bombers.app"; sourceTree = BUILT_PRODUCTS_DIR; };
		AB8A932C1CFA67CB00D8A388 /* main.m */ = {isa = PBXFileReference; lastKnownFileType = sourcecode.c.objc; path = main.m; sourceTree = "<group>"; };
		AB8A932E1CFA67CB00D8A388 /* AppDelegate.h */ = {isa = PBXFileReference; lastKnownFileType = sourcecode.c.h; path = AppDelegate.h; sourceTree = "<group>"; };
		AB8A932F1CFA67CB00D8A388 /* AppDelegate.m */ = {isa = PBXFileReference; lastKnownFileType = sourcecode.c.objc; path = AppDelegate.m; sourceTree = "<group>"; };
		AB8A93311CFA67CB00D8A388 /* ViewController.h */ = {isa = PBXFileReference; lastKnownFileType = sourcecode.c.h; path = ViewController.h; sourceTree = "<group>"; };
		AB8A93321CFA67CB00D8A388 /* ViewController.m */ = {isa = PBXFileReference; lastKnownFileType = sourcecode.c.objc; path = ViewController.m; sourceTree = "<group>"; };
		AB8A93371CFA67CB00D8A388 /* Assets.xcassets */ = {isa = PBXFileReference; lastKnownFileType = folder.assetcatalog; path = Assets.xcassets; sourceTree = "<group>"; };
		AB8A933A1CFA67CB00D8A388 /* Base */ = {isa = PBXFileReference; lastKnownFileType = file.storyboard; name = Base; path = Base.lproj/LaunchScreen.storyboard; sourceTree = "<group>"; };
		AB8A933C1CFA67CB00D8A388 /* Info.plist */ = {isa = PBXFileReference; lastKnownFileType = text.plist.xml; path = Info.plist; sourceTree = "<group>"; };
		AB8A93411CFA67CB00D8A388 /* Photo BombersTests.xctest */ = {isa = PBXFileReference; explicitFileType = wrapper.cfbundle; includeInIndex = 0; path = "Photo BombersTests.xctest"; sourceTree = BUILT_PRODUCTS_DIR; };
		AB8A93451CFA67CB00D8A388 /* Photo_BombersTests.m */ = {isa = PBXFileReference; lastKnownFileType = sourcecode.c.objc; path = Photo_BombersTests.m; sourceTree = "<group>"; };
		AB8A93471CFA67CB00D8A388 /* Info.plist */ = {isa = PBXFileReference; lastKnownFileType = text.plist.xml; path = Info.plist; sourceTree = "<group>"; };
		AB8A93501CFA683300D8A388 /* PhotoViewController.h */ = {isa = PBXFileReference; fileEncoding = 4; lastKnownFileType = sourcecode.c.h; name = PhotoViewController.h; path = ../PhotoViewController.h; sourceTree = "<group>"; };
		AB8A93511CFA683300D8A388 /* PhotoViewController.m */ = {isa = PBXFileReference; fileEncoding = 4; lastKnownFileType = sourcecode.c.objc; name = PhotoViewController.m; path = ../PhotoViewController.m; sourceTree = "<group>"; };
		AB8A93531CFA702900D8A388 /* PhotoCell.h */ = {isa = PBXFileReference; fileEncoding = 4; lastKnownFileType = sourcecode.c.h; path = PhotoCell.h; sourceTree = "<group>"; };
		AB8A93541CFA702900D8A388 /* PhotoCell.m */ = {isa = PBXFileReference; fileEncoding = 4; lastKnownFileType = sourcecode.c.objc; path = PhotoCell.m; sourceTree = "<group>"; };
		ABA395061CFA8A62007C94A2 /* Podfile */ = {isa = PBXFileReference; lastKnownFileType = text; path = Podfile; sourceTree = "<group>"; xcLanguageSpecificationIdentifier = xcode.lang.ruby; };
		AE07304E3E22F4F64A63D503 /* Pods-Photo Bombers.debug.xcconfig */ = {isa = PBXFileReference; includeInIndex = 1; lastKnownFileType = text.xcconfig; name = "Pods-Photo Bombers.debug.xcconfig"; path = "Pods/Target Support Files/Pods-Photo Bombers/Pods-Photo Bombers.debug.xcconfig"; sourceTree = "<group>"; };
		CDCBB60D4F8EB1359FC2741B /* Pods-Photo Bombers.release.xcconfig */ = {isa = PBXFileReference; includeInIndex = 1; lastKnownFileType = text.xcconfig; name = "Pods-Photo Bombers.release.xcconfig"; path = "Pods/Target Support Files/Pods-Photo Bombers/Pods-Photo Bombers.release.xcconfig"; sourceTree = "<group>"; };
/* End PBXFileReference section */

/* Begin PBXFrameworksBuildPhase section */
		AB8A93251CFA67CB00D8A388 /* Frameworks */ = {
			isa = PBXFrameworksBuildPhase;
			buildActionMask = 2147483647;
			files = (
				B33AF868BCE887ECD6D50AE2 /* libPods-Photo Bombers.a in Frameworks */,
			);
			runOnlyForDeploymentPostprocessing = 0;
		};
		AB8A933E1CFA67CB00D8A388 /* Frameworks */ = {
			isa = PBXFrameworksBuildPhase;
			buildActionMask = 2147483647;
			files = (
			);
			runOnlyForDeploymentPostprocessing = 0;
		};
/* End PBXFrameworksBuildPhase section */

/* Begin PBXGroup section */
		6DC4E151D34C7E56CC5B5027 /* Pods */ = {
			isa = PBXGroup;
			children = (
				AE07304E3E22F4F64A63D503 /* Pods-Photo Bombers.debug.xcconfig */,
				CDCBB60D4F8EB1359FC2741B /* Pods-Photo Bombers.release.xcconfig */,
			);
			name = Pods;
			sourceTree = "<group>";
		};
		AB8A931F1CFA67CB00D8A388 = {
			isa = PBXGroup;
			children = (
				ABA395061CFA8A62007C94A2 /* Podfile */,
				AB8A932A1CFA67CB00D8A388 /* Photo Bombers */,
				AB8A93441CFA67CB00D8A388 /* Photo BombersTests */,
				AB8A93291CFA67CB00D8A388 /* Products */,
				6DC4E151D34C7E56CC5B5027 /* Pods */,
				F6D13015DC8BAB47D068A9DE /* Frameworks */,
			);
			sourceTree = "<group>";
		};
		AB8A93291CFA67CB00D8A388 /* Products */ = {
			isa = PBXGroup;
			children = (
				AB8A93281CFA67CB00D8A388 /* Photo Bombers.app */,
				AB8A93411CFA67CB00D8A388 /* Photo BombersTests.xctest */,
			);
			name = Products;
			sourceTree = "<group>";
		};
		AB8A932A1CFA67CB00D8A388 /* Photo Bombers */ = {
			isa = PBXGroup;
			children = (
				AB8A93501CFA683300D8A388 /* PhotoViewController.h */,
				AB8A93511CFA683300D8A388 /* PhotoViewController.m */,
				AB8A93531CFA702900D8A388 /* PhotoCell.h */,
				AB8A93541CFA702900D8A388 /* PhotoCell.m */,
				AB2586CC1CFE1CDB00B8D0ED /* PresentDetailTransition.h */,
				AB2586CD1CFE1CDB00B8D0ED /* PresentDetailTransition.m */,
				AB2586CF1CFE219E00B8D0ED /* DismissDetailTransition.h */,
				AB2586D01CFE219E00B8D0ED /* DismissDetailTransition.m */,
				AB2586C61CFE0E7400B8D0ED /* PhotoController.h */,
				AB2586C71CFE0E7400B8D0ED /* PhotoController.m */,
				AB8A932E1CFA67CB00D8A388 /* AppDelegate.h */,
				AB8A932F1CFA67CB00D8A388 /* AppDelegate.m */,
				AB8A93311CFA67CB00D8A388 /* ViewController.h */,
				AB8A93321CFA67CB00D8A388 /* ViewController.m */,
				AB2586C91CFE136E00B8D0ED /* DetailViewController.h */,
				AB2586CA1CFE136E00B8D0ED /* DetailViewController.m */,
				AB8A93371CFA67CB00D8A388 /* Assets.xcassets */,
				AB8A93391CFA67CB00D8A388 /* LaunchScreen.storyboard */,
				AB8A933C1CFA67CB00D8A388 /* Info.plist */,
				AB8A932B1CFA67CB00D8A388 /* Supporting Files */,
			);
			path = "Photo Bombers";
			sourceTree = "<group>";
		};
		AB8A932B1CFA67CB00D8A388 /* Supporting Files */ = {
			isa = PBXGroup;
			children = (
				AB8A932C1CFA67CB00D8A388 /* main.m */,
			);
			name = "Supporting Files";
			sourceTree = "<group>";
		};
		AB8A93441CFA67CB00D8A388 /* Photo BombersTests */ = {
			isa = PBXGroup;
			children = (
				AB8A93451CFA67CB00D8A388 /* Photo_BombersTests.m */,
				AB8A93471CFA67CB00D8A388 /* Info.plist */,
			);
			path = "Photo BombersTests";
			sourceTree = "<group>";
		};
		F6D13015DC8BAB47D068A9DE /* Frameworks */ = {
			isa = PBXGroup;
			children = (
				08F64222F37C8BD4CCE9165A /* libPods-Photo Bombers.a */,
			);
			name = Frameworks;
			sourceTree = "<group>";
		};
/* End PBXGroup section */

/* Begin PBXNativeTarget section */
		AB8A93271CFA67CB00D8A388 /* Photo Bombers */ = {
			isa = PBXNativeTarget;
			buildConfigurationList = AB8A934A1CFA67CB00D8A388 /* Build configuration list for PBXNativeTarget "Photo Bombers" */;
			buildPhases = (
				C44CB2BD81B61E687755577B /* 📦 Check Pods Manifest.lock */,
				AB8A93241CFA67CB00D8A388 /* Sources */,
				AB8A93251CFA67CB00D8A388 /* Frameworks */,
				AB8A93261CFA67CB00D8A388 /* Resources */,
				396E761ED5B560B773D2E40E /* 📦 Embed Pods Frameworks */,
				BE7EB99A5A36B895B160E849 /* 📦 Copy Pods Resources */,
			);
			buildRules = (
			);
			dependencies = (
			);
			name = "Photo Bombers";
			productName = "Photo Bombers";
			productReference = AB8A93281CFA67CB00D8A388 /* Photo Bombers.app */;
			productType = "com.apple.product-type.application";
		};
		AB8A93401CFA67CB00D8A388 /* Photo BombersTests */ = {
			isa = PBXNativeTarget;
			buildConfigurationList = AB8A934D1CFA67CB00D8A388 /* Build configuration list for PBXNativeTarget "Photo BombersTests" */;
			buildPhases = (
				AB8A933D1CFA67CB00D8A388 /* Sources */,
				AB8A933E1CFA67CB00D8A388 /* Frameworks */,
				AB8A933F1CFA67CB00D8A388 /* Resources */,
			);
			buildRules = (
			);
			dependencies = (
				AB8A93431CFA67CB00D8A388 /* PBXTargetDependency */,
			);
			name = "Photo BombersTests";
			productName = "Photo BombersTests";
			productReference = AB8A93411CFA67CB00D8A388 /* Photo BombersTests.xctest */;
			productType = "com.apple.product-type.bundle.unit-test";
		};
/* End PBXNativeTarget section */

/* Begin PBXProject section */
		AB8A93201CFA67CB00D8A388 /* Project object */ = {
			isa = PBXProject;
			attributes = {
				LastUpgradeCheck = 0730;
				ORGANIZATIONNAME = "Kerry Toonen";
				TargetAttributes = {
					AB8A93271CFA67CB00D8A388 = {
						CreatedOnToolsVersion = 7.3;
					};
					AB8A93401CFA67CB00D8A388 = {
						CreatedOnToolsVersion = 7.3;
						TestTargetID = AB8A93271CFA67CB00D8A388;
					};
				};
			};
			buildConfigurationList = AB8A93231CFA67CB00D8A388 /* Build configuration list for PBXProject "Photo Bombers" */;
			compatibilityVersion = "Xcode 3.2";
			developmentRegion = English;
			hasScannedForEncodings = 0;
			knownRegions = (
				en,
				Base,
			);
			mainGroup = AB8A931F1CFA67CB00D8A388;
			productRefGroup = AB8A93291CFA67CB00D8A388 /* Products */;
			projectDirPath = "";
			projectRoot = "";
			targets = (
				AB8A93271CFA67CB00D8A388 /* Photo Bombers */,
				AB8A93401CFA67CB00D8A388 /* Photo BombersTests */,
			);
		};
/* End PBXProject section */

/* Begin PBXResourcesBuildPhase section */
		AB8A93261CFA67CB00D8A388 /* Resources */ = {
			isa = PBXResourcesBuildPhase;
			buildActionMask = 2147483647;
			files = (
				AB8A933B1CFA67CB00D8A388 /* LaunchScreen.storyboard in Resources */,
				AB8A93381CFA67CB00D8A388 /* Assets.xcassets in Resources */,
			);
			runOnlyForDeploymentPostprocessing = 0;
		};
		AB8A933F1CFA67CB00D8A388 /* Resources */ = {
			isa = PBXResourcesBuildPhase;
			buildActionMask = 2147483647;
			files = (
			);
			runOnlyForDeploymentPostprocessing = 0;
		};
/* End PBXResourcesBuildPhase section */

/* Begin PBXShellScriptBuildPhase section */
		396E761ED5B560B773D2E40E /* 📦 Embed Pods Frameworks */ = {
			isa = PBXShellScriptBuildPhase;
			buildActionMask = 2147483647;
			files = (
			);
			inputPaths = (
			);
			name = "📦 Embed Pods Frameworks";
			outputPaths = (
			);
			runOnlyForDeploymentPostprocessing = 0;
			shellPath = /bin/sh;
			shellScript = "\"${SRCROOT}/Pods/Target Support Files/Pods-Photo Bombers/Pods-Photo Bombers-frameworks.sh\"\n";
			showEnvVarsInLog = 0;
		};
		BE7EB99A5A36B895B160E849 /* 📦 Copy Pods Resources */ = {
			isa = PBXShellScriptBuildPhase;
			buildActionMask = 2147483647;
			files = (
			);
			inputPaths = (
			);
			name = "📦 Copy Pods Resources";
			outputPaths = (
			);
			runOnlyForDeploymentPostprocessing = 0;
			shellPath = /bin/sh;
			shellScript = "\"${SRCROOT}/Pods/Target Support Files/Pods-Photo Bombers/Pods-Photo Bombers-resources.sh\"\n";
			showEnvVarsInLog = 0;
		};
		C44CB2BD81B61E687755577B /* 📦 Check Pods Manifest.lock */ = {
			isa = PBXShellScriptBuildPhase;
			buildActionMask = 2147483647;
			files = (
			);
			inputPaths = (
			);
			name = "📦 Check Pods Manifest.lock";
			outputPaths = (
			);
			runOnlyForDeploymentPostprocessing = 0;
			shellPath = /bin/sh;
			shellScript = "diff \"${PODS_ROOT}/../Podfile.lock\" \"${PODS_ROOT}/Manifest.lock\" > /dev/null\nif [[ $? != 0 ]] ; then\n    cat << EOM\nerror: The sandbox is not in sync with the Podfile.lock. Run 'pod install' or update your CocoaPods installation.\nEOM\n    exit 1\nfi\n";
			showEnvVarsInLog = 0;
		};
/* End PBXShellScriptBuildPhase section */

/* Begin PBXSourcesBuildPhase section */
		AB8A93241CFA67CB00D8A388 /* Sources */ = {
			isa = PBXSourcesBuildPhase;
			buildActionMask = 2147483647;
			files = (
				AB8A93331CFA67CB00D8A388 /* ViewController.m in Sources */,
				AB8A93551CFA702900D8A388 /* PhotoCell.m in Sources */,
				AB2586C81CFE0E7400B8D0ED /* PhotoController.m in Sources */,
				AB2586CE1CFE1CDB00B8D0ED /* PresentDetailTransition.m in Sources */,
				AB8A93301CFA67CB00D8A388 /* AppDelegate.m in Sources */,
				AB2586D11CFE219E00B8D0ED /* DismissDetailTransition.m in Sources */,
				AB8A932D1CFA67CB00D8A388 /* main.m in Sources */,
				AB8A93521CFA683300D8A388 /* PhotoViewController.m in Sources */,
				AB2586CB1CFE136E00B8D0ED /* DetailViewController.m in Sources */,
			);
			runOnlyForDeploymentPostprocessing = 0;
		};
		AB8A933D1CFA67CB00D8A388 /* Sources */ = {
			isa = PBXSourcesBuildPhase;
			buildActionMask = 2147483647;
			files = (
				AB8A93461CFA67CB00D8A388 /* Photo_BombersTests.m in Sources */,
			);
			runOnlyForDeploymentPostprocessing = 0;
		};
/* End PBXSourcesBuildPhase section */

/* Begin PBXTargetDependency section */
		AB8A93431CFA67CB00D8A388 /* PBXTargetDependency */ = {
			isa = PBXTargetDependency;
			target = AB8A93271CFA67CB00D8A388 /* Photo Bombers */;
			targetProxy = AB8A93421CFA67CB00D8A388 /* PBXContainerItemProxy */;
		};
/* End PBXTargetDependency section */

/* Begin PBXVariantGroup section */
		AB8A93391CFA67CB00D8A388 /* LaunchScreen.storyboard */ = {
			isa = PBXVariantGroup;
			children = (
				AB8A933A1CFA67CB00D8A388 /* Base */,
			);
			name = LaunchScreen.storyboard;
			sourceTree = "<group>";
		};
/* End PBXVariantGroup section */

/* Begin XCBuildConfiguration section */
		AB8A93481CFA67CB00D8A388 /* Debug */ = {
			isa = XCBuildConfiguration;
			buildSettings = {
				ALWAYS_SEARCH_USER_PATHS = NO;
				CLANG_ANALYZER_NONNULL = YES;
				CLANG_CXX_LANGUAGE_STANDARD = "gnu++0x";
				CLANG_CXX_LIBRARY = "libc++";
				CLANG_ENABLE_MODULES = YES;
				CLANG_ENABLE_OBJC_ARC = YES;
				CLANG_WARN_BOOL_CONVERSION = YES;
				CLANG_WARN_CONSTANT_CONVERSION = YES;
				CLANG_WARN_DIRECT_OBJC_ISA_USAGE = YES_ERROR;
				CLANG_WARN_EMPTY_BODY = YES;
				CLANG_WARN_ENUM_CONVERSION = YES;
				CLANG_WARN_INT_CONVERSION = YES;
				CLANG_WARN_OBJC_ROOT_CLASS = YES_ERROR;
				CLANG_WARN_UNREACHABLE_CODE = YES;
				CLANG_WARN__DUPLICATE_METHOD_MATCH = YES;
				"CODE_SIGN_IDENTITY[sdk=iphoneos*]" = "iPhone Developer";
				COPY_PHASE_STRIP = NO;
				DEBUG_INFORMATION_FORMAT = dwarf;
				ENABLE_STRICT_OBJC_MSGSEND = YES;
				ENABLE_TESTABILITY = YES;
				GCC_C_LANGUAGE_STANDARD = gnu99;
				GCC_DYNAMIC_NO_PIC = NO;
				GCC_NO_COMMON_BLOCKS = YES;
				GCC_OPTIMIZATION_LEVEL = 0;
				GCC_PREPROCESSOR_DEFINITIONS = (
					"DEBUG=1",
					"$(inherited)",
				);
				GCC_WARN_64_TO_32_BIT_CONVERSION = YES;
				GCC_WARN_ABOUT_RETURN_TYPE = YES_ERROR;
				GCC_WARN_UNDECLARED_SELECTOR = YES;
				GCC_WARN_UNINITIALIZED_AUTOS = YES_AGGRESSIVE;
				GCC_WARN_UNUSED_FUNCTION = YES;
				GCC_WARN_UNUSED_VARIABLE = YES;
				IPHONEOS_DEPLOYMENT_TARGET = 9.3;
				MTL_ENABLE_DEBUG_INFO = YES;
				ONLY_ACTIVE_ARCH = YES;
				SDKROOT = iphoneos;
			};
			name = Debug;
		};
		AB8A93491CFA67CB00D8A388 /* Release */ = {
			isa = XCBuildConfiguration;
			buildSettings = {
				ALWAYS_SEARCH_USER_PATHS = NO;
				CLANG_ANALYZER_NONNULL = YES;
				CLANG_CXX_LANGUAGE_STANDARD = "gnu++0x";
				CLANG_CXX_LIBRARY = "libc++";
				CLANG_ENABLE_MODULES = YES;
				CLANG_ENABLE_OBJC_ARC = YES;
				CLANG_WARN_BOOL_CONVERSION = YES;
				CLANG_WARN_CONSTANT_CONVERSION = YES;
				CLANG_WARN_DIRECT_OBJC_ISA_USAGE = YES_ERROR;
				CLANG_WARN_EMPTY_BODY = YES;
				CLANG_WARN_ENUM_CONVERSION = YES;
				CLANG_WARN_INT_CONVERSION = YES;
				CLANG_WARN_OBJC_ROOT_CLASS = YES_ERROR;
				CLANG_WARN_UNREACHABLE_CODE = YES;
				CLANG_WARN__DUPLICATE_METHOD_MATCH = YES;
				"CODE_SIGN_IDENTITY[sdk=iphoneos*]" = "iPhone Developer";
				COPY_PHASE_STRIP = NO;
				DEBUG_INFORMATION_FORMAT = "dwarf-with-dsym";
				ENABLE_NS_ASSERTIONS = NO;
				ENABLE_STRICT_OBJC_MSGSEND = YES;
				GCC_C_LANGUAGE_STANDARD = gnu99;
				GCC_NO_COMMON_BLOCKS = YES;
				GCC_WARN_64_TO_32_BIT_CONVERSION = YES;
				GCC_WARN_ABOUT_RETURN_TYPE = YES_ERROR;
				GCC_WARN_UNDECLARED_SELECTOR = YES;
				GCC_WARN_UNINITIALIZED_AUTOS = YES_AGGRESSIVE;
				GCC_WARN_UNUSED_FUNCTION = YES;
				GCC_WARN_UNUSED_VARIABLE = YES;
				IPHONEOS_DEPLOYMENT_TARGET = 9.3;
				MTL_ENABLE_DEBUG_INFO = NO;
				SDKROOT = iphoneos;
				VALIDATE_PRODUCT = YES;
			};
			name = Release;
		};
		AB8A934B1CFA67CB00D8A388 /* Debug */ = {
			isa = XCBuildConfiguration;
			baseConfigurationReference = AE07304E3E22F4F64A63D503 /* Pods-Photo Bombers.debug.xcconfig */;
			buildSettings = {
				ASSETCATALOG_COMPILER_APPICON_NAME = AppIcon;
				INFOPLIST_FILE = "Photo Bombers/Info.plist";
				LD_RUNPATH_SEARCH_PATHS = "$(inherited) @executable_path/Frameworks";
				PRODUCT_BUNDLE_IDENTIFIER = "com.KerryToonen.Photo-Bombers";
				PRODUCT_NAME = "$(TARGET_NAME)";
				TARGETED_DEVICE_FAMILY = "1,2";
			};
			name = Debug;
		};
		AB8A934C1CFA67CB00D8A388 /* Release */ = {
			isa = XCBuildConfiguration;
			baseConfigurationReference = CDCBB60D4F8EB1359FC2741B /* Pods-Photo Bombers.release.xcconfig */;
			buildSettings = {
				ASSETCATALOG_COMPILER_APPICON_NAME = AppIcon;
				INFOPLIST_FILE = "Photo Bombers/Info.plist";
				LD_RUNPATH_SEARCH_PATHS = "$(inherited) @executable_path/Frameworks";
				PRODUCT_BUNDLE_IDENTIFIER = "com.KerryToonen.Photo-Bombers";
				PRODUCT_NAME = "$(TARGET_NAME)";
				TARGETED_DEVICE_FAMILY = "1,2";
			};
			name = Release;
		};
		AB8A934E1CFA67CB00D8A388 /* Debug */ = {
			isa = XCBuildConfiguration;
			buildSettings = {
				BUNDLE_LOADER = "$(TEST_HOST)";
				INFOPLIST_FILE = "Photo BombersTests/Info.plist";
				LD_RUNPATH_SEARCH_PATHS = "$(inherited) @executable_path/Frameworks @loader_path/Frameworks";
				PRODUCT_BUNDLE_IDENTIFIER = "com.KerryToonen.Photo-BombersTests";
				PRODUCT_NAME = "$(TARGET_NAME)";
				TEST_HOST = "$(BUILT_PRODUCTS_DIR)/Photo Bombers.app/Photo Bombers";
			};
			name = Debug;
		};
		AB8A934F1CFA67CB00D8A388 /* Release */ = {
			isa = XCBuildConfiguration;
			buildSettings = {
				BUNDLE_LOADER = "$(TEST_HOST)";
				INFOPLIST_FILE = "Photo BombersTests/Info.plist";
				LD_RUNPATH_SEARCH_PATHS = "$(inherited) @executable_path/Frameworks @loader_path/Frameworks";
				PRODUCT_BUNDLE_IDENTIFIER = "com.KerryToonen.Photo-BombersTests";
				PRODUCT_NAME = "$(TARGET_NAME)";
				TEST_HOST = "$(BUILT_PRODUCTS_DIR)/Photo Bombers.app/Photo Bombers";
			};
			name = Release;
		};
/* End XCBuildConfiguration section */

/* Begin XCConfigurationList section */
		AB8A93231CFA67CB00D8A388 /* Build configuration list for PBXProject "Photo Bombers" */ = {
			isa = XCConfigurationList;
			buildConfigurations = (
				AB8A93481CFA67CB00D8A388 /* Debug */,
				AB8A93491CFA67CB00D8A388 /* Release */,
			);
			defaultConfigurationIsVisible = 0;
			defaultConfigurationName = Release;
		};
		AB8A934A1CFA67CB00D8A388 /* Build configuration list for PBXNativeTarget "Photo Bombers" */ = {
			isa = XCConfigurationList;
			buildConfigurations = (
				AB8A934B1CFA67CB00D8A388 /* Debug */,
				AB8A934C1CFA67CB00D8A388 /* Release */,
			);
			defaultConfigurationIsVisible = 0;
			defaultConfigurationName = Release;
		};
		AB8A934D1CFA67CB00D8A388 /* Build configuration list for PBXNativeTarget "Photo BombersTests" */ = {
			isa = XCConfigurationList;
			buildConfigurations = (
				AB8A934E1CFA67CB00D8A388 /* Debug */,
				AB8A934F1CFA67CB00D8A388 /* Release */,
			);
			defaultConfigurationIsVisible = 0;
			defaultConfigurationName = Release;
		};
/* End XCConfigurationList section */
	};
	rootObject = AB8A93201CFA67CB00D8A388 /* Project object */;
}
